
Microsoft Visual Studio Solution File, Format Version 12.00
# Visual Studio Version 17
VisualStudioVersion = 17.5.33516.290
MinimumVisualStudioVersion = 10.0.40219.1
Project("{FAE04EC0-301F-11D3-BF4B-00C04F79EFBC}") = "DatabaseBasics", "DatabaseBasics\DatabaseBasics.csproj", "{AC76E387-B4D3-40D4-A9A7-258C7DD70685}"
EndProject
Global
	GlobalSection(SolutionConfigurationPlatforms) = preSolution
		Debug|Any CPU = Debug|Any CPU
		Release|Any CPU = Release|Any CPU
	EndGlobalSection
	GlobalSection(ProjectConfigurationPlatforms) = postSolution
		{AC76E387-B4D3-40D4-A9A7-258C7DD70685}.Debug|Any CPU.ActiveCfg = Debug|Any CPU
		{AC76E387-B4D3-40D4-A9A7-258C7DD70685}.Debug|Any CPU.Build.0 = Debug|Any CPU
		{AC76E387-B4D3-40D4-A9A7-258C7DD70685}.Release|Any CPU.ActiveCfg = Release|Any CPU
		{AC76E387-B4D3-40D4-A9A7-258C7DD70685}.Release|Any CPU.Build.0 = Release|Any CPU
	EndGlobalSection
	GlobalSection(SolutionProperties) = preSolution
		HideSolutionNode = FALSE
	EndGlobalSection
	GlobalSection(ExtensibilityGlobals) = postSolution
		SolutionGuid = {E372A96B-7E21-45CD-9E18-078D09B9554B}
	EndGlobalSection
EndGlobal
